// !$*UTF8*$!
{
	archiveVersion = 1;
	classes = {
	};
	objectVersion = 50;
	objects = {

/* Begin PBXBuildFile section */
		0BE7682A25D40E5E001AFBC7 /* myframework.framework in Frameworks */ = {isa = PBXBuildFile; fileRef = 0BE7682025D40E5E001AFBC7 /* myframework.framework */; };
		0BE7682F25D40E5E001AFBC7 /* myframeworkTests.m in Sources */ = {isa = PBXBuildFile; fileRef = 0BE7682E25D40E5E001AFBC7 /* myframeworkTests.m */; };
		0BE7683125D40E5E001AFBC7 /* myframework.h in Headers */ = {isa = PBXBuildFile; fileRef = 0BE7682325D40E5E001AFBC7 /* myframework.h */; settings = {ATTRIBUTES = (Public, ); }; };
		0BE7684325D41405001AFBC7 /* MyLogger.h in Headers */ = {isa = PBXBuildFile; fileRef = 0BE7684125D41405001AFBC7 /* MyLogger.h */; settings = {ATTRIBUTES = (Public, ); }; };
		0BE7684425D41405001AFBC7 /* MyLogger.m in Sources */ = {isa = PBXBuildFile; fileRef = 0BE7684225D41405001AFBC7 /* MyLogger.m */; };
/* End PBXBuildFile section */

/* Begin PBXContainerItemProxy section */
		0BE7682B25D40E5E001AFBC7 /* PBXContainerItemProxy */ = {
			isa = PBXContainerItemProxy;
			containerPortal = 0BE7681725D40E5E001AFBC7 /* Project object */;
			proxyType = 1;
			remoteGlobalIDString = 0BE7681F25D40E5E001AFBC7;
			remoteInfo = myframework;
		};
/* End PBXContainerItemProxy section */

/* Begin PBXFileReference section */
		0BE7682025D40E5E001AFBC7 /* myframework.framework */ = {isa = PBXFileReference; explicitFileType = wrapper.framework; includeInIndex = 0; path = myframework.framework; sourceTree = BUILT_PRODUCTS_DIR; };
		0BE7682325D40E5E001AFBC7 /* myframework.h */ = {isa = PBXFileReference; lastKnownFileType = sourcecode.c.h; path = myframework.h; sourceTree = "<group>"; };
		0BE7682425D40E5E001AFBC7 /* Info.plist */ = {isa = PBXFileReference; lastKnownFileType = text.plist.xml; path = Info.plist; sourceTree = "<group>"; };
		0BE7682925D40E5E001AFBC7 /* myframeworkTests.xctest */ = {isa = PBXFileReference; explicitFileType = wrapper.cfbundle; includeInIndex = 0; path = myframeworkTests.xctest; sourceTree = BUILT_PRODUCTS_DIR; };
		0BE7682E25D40E5E001AFBC7 /* myframeworkTests.m */ = {isa = PBXFileReference; lastKnownFileType = sourcecode.c.objc; path = myframeworkTests.m; sourceTree = "<group>"; };
		0BE7683025D40E5E001AFBC7 /* Info.plist */ = {isa = PBXFileReference; lastKnownFileType = text.plist.xml; path = Info.plist; sourceTree = "<group>"; };
		0BE7684125D41405001AFBC7 /* MyLogger.h */ = {isa = PBXFileReference; lastKnownFileType = sourcecode.c.h; path = MyLogger.h; sourceTree = "<group>"; };
		0BE7684225D41405001AFBC7 /* MyLogger.m */ = {isa = PBXFileReference; lastKnownFileType = sourcecode.c.objc; path = MyLogger.m; sourceTree = "<group>"; };
/* End PBXFileReference section */

/* Begin PBXFrameworksBuildPhase section */
		0BE7681D25D40E5E001AFBC7 /* Frameworks */ = {
			isa = PBXFrameworksBuildPhase;
			buildActionMask = 2147483647;
			files = (
			);
			runOnlyForDeploymentPostprocessing = 0;
		};
		0BE7682625D40E5E001AFBC7 /* Frameworks */ = {
			isa = PBXFrameworksBuildPhase;
			buildActionMask = 2147483647;
			files = (
				0BE7682A25D40E5E001AFBC7 /* myframework.framework in Frameworks */,
			);
			runOnlyForDeploymentPostprocessing = 0;
		};
/* End PBXFrameworksBuildPhase section */

/* Begin PBXGroup section */
		0BE7681625D40E5E001AFBC7 = {
			isa = PBXGroup;
			children = (
				0BE7682225D40E5E001AFBC7 /* myframework */,
				0BE7682D25D40E5E001AFBC7 /* myframeworkTests */,
				0BE7682125D40E5E001AFBC7 /* Products */,
			);
			sourceTree = "<group>";
		};
		0BE7682125D40E5E001AFBC7 /* Products */ = {
			isa = PBXGroup;
			children = (
				0BE7682025D40E5E001AFBC7 /* myframework.framework */,
				0BE7682925D40E5E001AFBC7 /* myframeworkTests.xctest */,
			);
			name = Products;
			sourceTree = "<group>";
		};
		0BE7682225D40E5E001AFBC7 /* myframework */ = {
			isa = PBXGroup;
			children = (
				0BE7682325D40E5E001AFBC7 /* myframework.h */,
				0BE7682425D40E5E001AFBC7 /* Info.plist */,
				0BE7684125D41405001AFBC7 /* MyLogger.h */,
				0BE7684225D41405001AFBC7 /* MyLogger.m */,
			);
			path = myframework;
			sourceTree = "<group>";
		};
		0BE7682D25D40E5E001AFBC7 /* myframeworkTests */ = {
			isa = PBXGroup;
			children = (
				0BE7682E25D40E5E001AFBC7 /* myframeworkTests.m */,
				0BE7683025D40E5E001AFBC7 /* Info.plist */,
			);
			path = myframeworkTests;
			sourceTree = "<group>";
		};
/* End PBXGroup section */

/* Begin PBXHeadersBuildPhase section */
		0BE7681B25D40E5E001AFBC7 /* Headers */ = {
			isa = PBXHeadersBuildPhase;
			buildActionMask = 2147483647;
			files = (
				0BE7684325D41405001AFBC7 /* MyLogger.h in Headers */,
				0BE7683125D40E5E001AFBC7 /* myframework.h in Headers */,
			);
			runOnlyForDeploymentPostprocessing = 0;
		};
/* End PBXHeadersBuildPhase section */

/* Begin PBXNativeTarget section */
		0BE7681F25D40E5E001AFBC7 /* myframework */ = {
			isa = PBXNativeTarget;
			buildConfigurationList = 0BE7683425D40E5E001AFBC7 /* Build configuration list for PBXNativeTarget "myframework" */;
			buildPhases = (
				0BE7681B25D40E5E001AFBC7 /* Headers */,
				0BE7681C25D40E5E001AFBC7 /* Sources */,
				0BE7681D25D40E5E001AFBC7 /* Frameworks */,
				0BE7681E25D40E5E001AFBC7 /* Resources */,
			);
			buildRules = (
			);
			dependencies = (
			);
			name = myframework;
			productName = myframework;
			productReference = 0BE7682025D40E5E001AFBC7 /* myframework.framework */;
			productType = "com.apple.product-type.framework";
		};
		0BE7682825D40E5E001AFBC7 /* myframeworkTests */ = {
			isa = PBXNativeTarget;
			buildConfigurationList = 0BE7683725D40E5E001AFBC7 /* Build configuration list for PBXNativeTarget "myframeworkTests" */;
			buildPhases = (
				0BE7682525D40E5E001AFBC7 /* Sources */,
				0BE7682625D40E5E001AFBC7 /* Frameworks */,
				0BE7682725D40E5E001AFBC7 /* Resources */,
			);
			buildRules = (
			);
			dependencies = (
				0BE7682C25D40E5E001AFBC7 /* PBXTargetDependency */,
			);
			name = myframeworkTests;
			productName = myframeworkTests;
			productReference = 0BE7682925D40E5E001AFBC7 /* myframeworkTests.xctest */;
			productType = "com.apple.product-type.bundle.unit-test";
		};
/* End PBXNativeTarget section */

/* Begin PBXProject section */
		0BE7681725D40E5E001AFBC7 /* Project object */ = {
			isa = PBXProject;
			attributes = {
				LastUpgradeCheck = 1240;
				TargetAttributes = {
					0BE7681F25D40E5E001AFBC7 = {
						CreatedOnToolsVersion = 12.4;
					};
					0BE7682825D40E5E001AFBC7 = {
						CreatedOnToolsVersion = 12.4;
					};
				};
			};
			buildConfigurationList = 0BE7681A25D40E5E001AFBC7 /* Build configuration list for PBXProject "myframework" */;
			compatibilityVersion = "Xcode 9.3";
			developmentRegion = en;
			hasScannedForEncodings = 0;
			knownRegions = (
				en,
				Base,
			);
			mainGroup = 0BE7681625D40E5E001AFBC7;
			productRefGroup = 0BE7682125D40E5E001AFBC7 /* Products */;
			projectDirPath = "";
			projectRoot = "";
			targets = (
				0BE7681F25D40E5E001AFBC7 /* myframework */,
				0BE7682825D40E5E001AFBC7 /* myframeworkTests */,
			);
		};
/* End PBXProject section */

/* Begin PBXResourcesBuildPhase section */
		0BE7681E25D40E5E001AFBC7 /* Resources */ = {
			isa = PBXResourcesBuildPhase;
			buildActionMask = 2147483647;
			files = (
			);
			runOnlyForDeploymentPostprocessing = 0;
		};
		0BE7682725D40E5E001AFBC7 /* Resources */ = {
			isa = PBXResourcesBuildPhase;
			buildActionMask = 2147483647;
			files = (
			);
			runOnlyForDeploymentPostprocessing = 0;
		};
/* End PBXResourcesBuildPhase section */

/* Begin PBXSourcesBuildPhase section */
		0BE7681C25D40E5E001AFBC7 /* Sources */ = {
			isa = PBXSourcesBuildPhase;
			buildActionMask = 2147483647;
			files = (
				0BE7684425D41405001AFBC7 /* MyLogger.m in Sources */,
			);
			runOnlyForDeploymentPostprocessing = 0;
		};
		0BE7682525D40E5E001AFBC7 /* Sources */ = {
			isa = PBXSourcesBuildPhase;
			buildActionMask = 2147483647;
			files = (
				0BE7682F25D40E5E001AFBC7 /* myframeworkTests.m in Sources */,
			);
			runOnlyForDeploymentPostprocessing = 0;
		};
/* End PBXSourcesBuildPhase section */

/* Begin PBXTargetDependency section */
		0BE7682C25D40E5E001AFBC7 /* PBXTargetDependency */ = {
			isa = PBXTargetDependency;
			target = 0BE7681F25D40E5E001AFBC7 /* myframework */;
			targetProxy = 0BE7682B25D40E5E001AFBC7 /* PBXContainerItemProxy */;
		};
/* End PBXTargetDependency section */

/* Begin XCBuildConfiguration section */
		0BE7683225D40E5E001AFBC7 /* Debug */ = {
			isa = XCBuildConfiguration;
			buildSettings = {
				ALWAYS_SEARCH_USER_PATHS = NO;
				CLANG_ANALYZER_NONNULL = YES;
				CLANG_ANALYZER_NUMBER_OBJECT_CONVERSION = YES_AGGRESSIVE;
				CLANG_CXX_LANGUAGE_STANDARD = "gnu++14";
				CLANG_CXX_LIBRARY = "libc++";
				CLANG_ENABLE_MODULES = YES;
				CLANG_ENABLE_OBJC_ARC = YES;
				CLANG_ENABLE_OBJC_WEAK = YES;
				CLANG_WARN_BLOCK_CAPTURE_AUTORELEASING = YES;
				CLANG_WARN_BOOL_CONVERSION = YES;
				CLANG_WARN_COMMA = YES;
				CLANG_WARN_CONSTANT_CONVERSION = YES;
				CLANG_WARN_DEPRECATED_OBJC_IMPLEMENTATIONS = YES;
				CLANG_WARN_DIRECT_OBJC_ISA_USAGE = YES_ERROR;
				CLANG_WARN_DOCUMENTATION_COMMENTS = YES;
				CLANG_WARN_EMPTY_BODY = YES;
				CLANG_WARN_ENUM_CONVERSION = YES;
				CLANG_WARN_INFINITE_RECURSION = YES;
				CLANG_WARN_INT_CONVERSION = YES;
				CLANG_WARN_NON_LITERAL_NULL_CONVERSION = YES;
				CLANG_WARN_OBJC_IMPLICIT_RETAIN_SELF = YES;
				CLANG_WARN_OBJC_LITERAL_CONVERSION = YES;
				CLANG_WARN_OBJC_ROOT_CLASS = YES_ERROR;
				CLANG_WARN_QUOTED_INCLUDE_IN_FRAMEWORK_HEADER = YES;
				CLANG_WARN_RANGE_LOOP_ANALYSIS = YES;
				CLANG_WARN_STRICT_PROTOTYPES = YES;
				CLANG_WARN_SUSPICIOUS_MOVE = YES;
				CLANG_WARN_UNGUARDED_AVAILABILITY = YES_AGGRESSIVE;
				CLANG_WARN_UNREACHABLE_CODE = YES;
				CLANG_WARN__DUPLICATE_METHOD_MATCH = YES;
				COPY_PHASE_STRIP = NO;
				CURRENT_PROJECT_VERSION = 1;
				DEBUG_INFORMATION_FORMAT = dwarf;
				ENABLE_STRICT_OBJC_MSGSEND = YES;
				ENABLE_TESTABILITY = YES;
				GCC_C_LANGUAGE_STANDARD = gnu11;
				GCC_DYNAMIC_NO_PIC = NO;
				GCC_NO_COMMON_BLOCKS = YES;
				GCC_OPTIMIZATION_LEVEL = 0;
				GCC_PREPROCESSOR_DEFINITIONS = (
					"DEBUG=1",
					"$(inherited)",
				);
				GCC_WARN_64_TO_32_BIT_CONVERSION = YES;
				GCC_WARN_ABOUT_RETURN_TYPE = YES_ERROR;
				GCC_WARN_UNDECLARED_SELECTOR = YES;
				GCC_WARN_UNINITIALIZED_AUTOS = YES_AGGRESSIVE;
				GCC_WARN_UNUSED_FUNCTION = YES;
				GCC_WARN_UNUSED_VARIABLE = YES;
				IPHONEOS_DEPLOYMENT_TARGET = 14.4;
				MTL_ENABLE_DEBUG_INFO = INCLUDE_SOURCE;
				MTL_FAST_MATH = YES;
				ONLY_ACTIVE_ARCH = NO;
				SDKROOT = iphoneos;
				VERSIONING_SYSTEM = "apple-generic";
				VERSION_INFO_PREFIX = "";
			};
			name = Debug;
		};
		0BE7683325D40E5E001AFBC7 /* Release */ = {
			isa = XCBuildConfiguration;
			buildSettings = {
				ALWAYS_SEARCH_USER_PATHS = NO;
				CLANG_ANALYZER_NONNULL = YES;
				CLANG_ANALYZER_NUMBER_OBJECT_CONVERSION = YES_AGGRESSIVE;
				CLANG_CXX_LANGUAGE_STANDARD = "gnu++14";
				CLANG_CXX_LIBRARY = "libc++";
				CLANG_ENABLE_MODULES = YES;
				CLANG_ENABLE_OBJC_ARC = YES;
				CLANG_ENABLE_OBJC_WEAK = YES;
				CLANG_WARN_BLOCK_CAPTURE_AUTORELEASING = YES;
				CLANG_WARN_BOOL_CONVERSION = YES;
				CLANG_WARN_COMMA = YES;
				CLANG_WARN_CONSTANT_CONVERSION = YES;
				CLANG_WARN_DEPRECATED_OBJC_IMPLEMENTATIONS = YES;
				CLANG_WARN_DIRECT_OBJC_ISA_USAGE = YES_ERROR;
				CLANG_WARN_DOCUMENTATION_COMMENTS = YES;
				CLANG_WARN_EMPTY_BODY = YES;
				CLANG_WARN_ENUM_CONVERSION = YES;
				CLANG_WARN_INFINITE_RECURSION = YES;
				CLANG_WARN_INT_CONVERSION = YES;
				CLANG_WARN_NON_LITERAL_NULL_CONVERSION = YES;
				CLANG_WARN_OBJC_IMPLICIT_RETAIN_SELF = YES;
				CLANG_WARN_OBJC_LITERAL_CONVERSION = YES;
				CLANG_WARN_OBJC_ROOT_CLASS = YES_ERROR;
				CLANG_WARN_QUOTED_INCLUDE_IN_FRAMEWORK_HEADER = YES;
				CLANG_WARN_RANGE_LOOP_ANALYSIS = YES;
				CLANG_WARN_STRICT_PROTOTYPES = YES;
				CLANG_WARN_SUSPICIOUS_MOVE = YES;
				CLANG_WARN_UNGUARDED_AVAILABILITY = YES_AGGRESSIVE;
				CLANG_WARN_UNREACHABLE_CODE = YES;
				CLANG_WARN__DUPLICATE_METHOD_MATCH = YES;
				COPY_PHASE_STRIP = NO;
				CURRENT_PROJECT_VERSION = 1;
				DEBUG_INFORMATION_FORMAT = "dwarf-with-dsym";
				ENABLE_NS_ASSERTIONS = NO;
				ENABLE_STRICT_OBJC_MSGSEND = YES;
				GCC_C_LANGUAGE_STANDARD = gnu11;
				GCC_NO_COMMON_BLOCKS = YES;
				GCC_WARN_64_TO_32_BIT_CONVERSION = YES;
				GCC_WARN_ABOUT_RETURN_TYPE = YES_ERROR;
				GCC_WARN_UNDECLARED_SELECTOR = YES;
				GCC_WARN_UNINITIALIZED_AUTOS = YES_AGGRESSIVE;
				GCC_WARN_UNUSED_FUNCTION = YES;
				GCC_WARN_UNUSED_VARIABLE = YES;
				IPHONEOS_DEPLOYMENT_TARGET = 14.4;
				MTL_ENABLE_DEBUG_INFO = NO;
				MTL_FAST_MATH = YES;
				ONLY_ACTIVE_ARCH = NO;
				SDKROOT = iphoneos;
				VALIDATE_PRODUCT = YES;
				VERSIONING_SYSTEM = "apple-generic";
				VERSION_INFO_PREFIX = "";
			};
			name = Release;
		};
		0BE7683525D40E5E001AFBC7 /* Debug */ = {
			isa = XCBuildConfiguration;
			buildSettings = {
				CODE_SIGN_STYLE = Automatic;
				DEFINES_MODULE = YES;
				DEVELOPMENT_TEAM = BQ9M5QRQC9;
				DYLIB_COMPATIBILITY_VERSION = 1;
				DYLIB_CURRENT_VERSION = 1;
				DYLIB_INSTALL_NAME_BASE = "@rpath";
				INFOPLIST_FILE = myframework/Info.plist;
				INSTALL_PATH = "$(LOCAL_LIBRARY_DIR)/Frameworks";
				LD_RUNPATH_SEARCH_PATHS = (
					"$(inherited)",
					"@executable_path/Frameworks",
					"@loader_path/Frameworks",
				);
				PRODUCT_BUNDLE_IDENTIFIER = com.kimtaehofamily.myframework;
				PRODUCT_NAME = "$(TARGET_NAME:c99extidentifier)";
				SKIP_INSTALL = YES;
				TARGETED_DEVICE_FAMILY = "1,2";
			};
			name = Debug;
		};
		0BE7683625D40E5E001AFBC7 /* Release */ = {
			isa = XCBuildConfiguration;
			buildSettings = {
				CODE_SIGN_STYLE = Automatic;
				DEFINES_MODULE = YES;
				DEVELOPMENT_TEAM = BQ9M5QRQC9;
				DYLIB_COMPATIBILITY_VERSION = 1;
				DYLIB_CURRENT_VERSION = 1;
				DYLIB_INSTALL_NAME_BASE = "@rpath";
				INFOPLIST_FILE = myframework/Info.plist;
				INSTALL_PATH = "$(LOCAL_LIBRARY_DIR)/Frameworks";
				LD_RUNPATH_SEARCH_PATHS = (
					"$(inherited)",
					"@executable_path/Frameworks",
					"@loader_path/Frameworks",
				);
				PRODUCT_BUNDLE_IDENTIFIER = com.kimtaehofamily.myframework;
				PRODUCT_NAME = "$(TARGET_NAME:c99extidentifier)";
				SKIP_INSTALL = YES;
				TARGETED_DEVICE_FAMILY = "1,2";
			};
			name = Release;
		};
		0BE7683825D40E5E001AFBC7 /* Debug */ = {
			isa = XCBuildConfiguration;
			buildSettings = {
				CODE_SIGN_STYLE = Automatic;
				DEVELOPMENT_TEAM = BQ9M5QRQC9;
				INFOPLIST_FILE = myframeworkTests/Info.plist;
				LD_RUNPATH_SEARCH_PATHS = (
					"$(inherited)",
					"@executable_path/Frameworks",
					"@loader_path/Frameworks",
				);
				PRODUCT_BUNDLE_IDENTIFIER = com.kimtaehofamily.myframeworkTests;
				PRODUCT_NAME = "$(TARGET_NAME)";
				TARGETED_DEVICE_FAMILY = "1,2";
			};
			name = Debug;
		};
		0BE7683925D40E5E001AFBC7 /* Release */ = {
			isa = XCBuildConfiguration;
			buildSettings = {
				CODE_SIGN_STYLE = Automatic;
				DEVELOPMENT_TEAM = BQ9M5QRQC9;
				INFOPLIST_FILE = myframeworkTests/Info.plist;
				LD_RUNPATH_SEARCH_PATHS = (
					"$(inherited)",
					"@executable_path/Frameworks",
					"@loader_path/Frameworks",
				);
				PRODUCT_BUNDLE_IDENTIFIER = com.kimtaehofamily.myframeworkTests;
				PRODUCT_NAME = "$(TARGET_NAME)";
				TARGETED_DEVICE_FAMILY = "1,2";
			};
			name = Release;
		};
/* End XCBuildConfiguration section */

/* Begin XCConfigurationList section */
		0BE7681A25D40E5E001AFBC7 /* Build configuration list for PBXProject "myframework" */ = {
			isa = XCConfigurationList;
			buildConfigurations = (
				0BE7683225D40E5E001AFBC7 /* Debug */,
				0BE7683325D40E5E001AFBC7 /* Release */,
			);
			defaultConfigurationIsVisible = 0;
			defaultConfigurationName = Release;
		};
		0BE7683425D40E5E001AFBC7 /* Build configuration list for PBXNativeTarget "myframework" */ = {
			isa = XCConfigurationList;
			buildConfigurations = (
				0BE7683525D40E5E001AFBC7 /* Debug */,
				0BE7683625D40E5E001AFBC7 /* Release */,
			);
			defaultConfigurationIsVisible = 0;
			defaultConfigurationName = Release;
		};
		0BE7683725D40E5E001AFBC7 /* Build configuration list for PBXNativeTarget "myframeworkTests" */ = {
			isa = XCConfigurationList;
			buildConfigurations = (
				0BE7683825D40E5E001AFBC7 /* Debug */,
				0BE7683925D40E5E001AFBC7 /* Release */,
			);
			defaultConfigurationIsVisible = 0;
			defaultConfigurationName = Release;
		};
/* End XCConfigurationList section */
	};
	rootObject = 0BE7681725D40E5E001AFBC7 /* Project object */;
}
